
Microsoft Visual Studio Solution File, Format Version 12.00
# Visual Studio Version 17
VisualStudioVersion = 17.14.36310.24 d17.14
MinimumVisualStudioVersion = 10.0.40219.1
Project("{FAE04EC0-301F-11D3-BF4B-00C04F79EFBC}") = "E-Commerce.Web", "E-Commerce.Web\E-Commerce.Web.csproj", "{A079FA05-3F47-47D7-88B0-C0B9EDEFE615}"
EndProject
Project("{2150E333-8FDC-42A3-9474-1A3956D46DE8}") = "Core", "Core", "{02EA681E-C7D8-13C7-8484-4AC65E1B71E8}"
EndProject
Project("{FAE04EC0-301F-11D3-BF4B-00C04F79EFBC}") = "Domain", "Core\Domain\Domain.csproj", "{FECA4BB7-6DD4-4EC4-B923-B5179EC8E7B0}"
EndProject
Project("{FAE04EC0-301F-11D3-BF4B-00C04F79EFBC}") = "Service", "Core\Service\Service.csproj", "{97367109-7D82-4269-A6E9-AD70139030B4}"
EndProject
Project("{FAE04EC0-301F-11D3-BF4B-00C04F79EFBC}") = "ServiceAbstraction", "Core\ServiceAbstraction\ServiceAbstraction.csproj", "{B0CA2D33-2C32-482F-94D0-78D3B7FE6DA3}"
EndProject
Project("{2150E333-8FDC-42A3-9474-1A3956D46DE8}") = "InfraStructure", "InfraStructure", "{EEE6CE30-94A9-45BB-AE8A-53804D434071}"
EndProject
Project("{FAE04EC0-301F-11D3-BF4B-00C04F79EFBC}") = "Presistence", "InfraStructure\Presistence\Presistence.csproj", "{C85C23BE-60DF-460B-8600-5A8E3AFA21C1}"
EndProject
Project("{FAE04EC0-301F-11D3-BF4B-00C04F79EFBC}") = "Presentaion", "InfraStructure\Presentaion\Presentaion.csproj", "{CDA3B3B2-C6D2-4583-9F3C-2894B7F0A72C}"
EndProject
Project("{FAE04EC0-301F-11D3-BF4B-00C04F79EFBC}") = "Shared", "Shared\Shared.csproj", "{6608673E-B300-4625-B294-A534DD01C1C4}"
EndProject
Global
	GlobalSection(SolutionConfigurationPlatforms) = preSolution
		Debug|Any CPU = Debug|Any CPU
		Release|Any CPU = Release|Any CPU
	EndGlobalSection
	GlobalSection(ProjectConfigurationPlatforms) = postSolution
		{A079FA05-3F47-47D7-88B0-C0B9EDEFE615}.Debug|Any CPU.ActiveCfg = Debug|Any CPU
		{A079FA05-3F47-47D7-88B0-C0B9EDEFE615}.Debug|Any CPU.Build.0 = Debug|Any CPU
		{A079FA05-3F47-47D7-88B0-C0B9EDEFE615}.Release|Any CPU.ActiveCfg = Release|Any CPU
		{A079FA05-3F47-47D7-88B0-C0B9EDEFE615}.Release|Any CPU.Build.0 = Release|Any CPU
		{FECA4BB7-6DD4-4EC4-B923-B5179EC8E7B0}.Debug|Any CPU.ActiveCfg = Debug|Any CPU
		{FECA4BB7-6DD4-4EC4-B923-B5179EC8E7B0}.Debug|Any CPU.Build.0 = Debug|Any CPU
		{FECA4BB7-6DD4-4EC4-B923-B5179EC8E7B0}.Release|Any CPU.ActiveCfg = Release|Any CPU
		{FECA4BB7-6DD4-4EC4-B923-B5179EC8E7B0}.Release|Any CPU.Build.0 = Release|Any CPU
		{97367109-7D82-4269-A6E9-AD70139030B4}.Debug|Any CPU.ActiveCfg = Debug|Any CPU
		{97367109-7D82-4269-A6E9-AD70139030B4}.Debug|Any CPU.Build.0 = Debug|Any CPU
		{97367109-7D82-4269-A6E9-AD70139030B4}.Release|Any CPU.ActiveCfg = Release|Any CPU
		{97367109-7D82-4269-A6E9-AD70139030B4}.Release|Any CPU.Build.0 = Release|Any CPU
		{B0CA2D33-2C32-482F-94D0-78D3B7FE6DA3}.Debug|Any CPU.ActiveCfg = Debug|Any CPU
		{B0CA2D33-2C32-482F-94D0-78D3B7FE6DA3}.Debug|Any CPU.Build.0 = Debug|Any CPU
		{B0CA2D33-2C32-482F-94D0-78D3B7FE6DA3}.Release|Any CPU.ActiveCfg = Release|Any CPU
		{B0CA2D33-2C32-482F-94D0-78D3B7FE6DA3}.Release|Any CPU.Build.0 = Release|Any CPU
		{C85C23BE-60DF-460B-8600-5A8E3AFA21C1}.Debug|Any CPU.ActiveCfg = Debug|Any CPU
		{C85C23BE-60DF-460B-8600-5A8E3AFA21C1}.Debug|Any CPU.Build.0 = Debug|Any CPU
		{C85C23BE-60DF-460B-8600-5A8E3AFA21C1}.Release|Any CPU.ActiveCfg = Release|Any CPU
		{C85C23BE-60DF-460B-8600-5A8E3AFA21C1}.Release|Any CPU.Build.0 = Release|Any CPU
		{CDA3B3B2-C6D2-4583-9F3C-2894B7F0A72C}.Debug|Any CPU.ActiveCfg = Debug|Any CPU
		{CDA3B3B2-C6D2-4583-9F3C-2894B7F0A72C}.Debug|Any CPU.Build.0 = Debug|Any CPU
		{CDA3B3B2-C6D2-4583-9F3C-2894B7F0A72C}.Release|Any CPU.ActiveCfg = Release|Any CPU
		{CDA3B3B2-C6D2-4583-9F3C-2894B7F0A72C}.Release|Any CPU.Build.0 = Release|Any CPU
		{6608673E-B300-4625-B294-A534DD01C1C4}.Debug|Any CPU.ActiveCfg = Debug|Any CPU
		{6608673E-B300-4625-B294-A534DD01C1C4}.Debug|Any CPU.Build.0 = Debug|Any CPU
		{6608673E-B300-4625-B294-A534DD01C1C4}.Release|Any CPU.ActiveCfg = Release|Any CPU
		{6608673E-B300-4625-B294-A534DD01C1C4}.Release|Any CPU.Build.0 = Release|Any CPU
	EndGlobalSection
	GlobalSection(SolutionProperties) = preSolution
		HideSolutionNode = FALSE
	EndGlobalSection
	GlobalSection(NestedProjects) = preSolution
		{FECA4BB7-6DD4-4EC4-B923-B5179EC8E7B0} = {02EA681E-C7D8-13C7-8484-4AC65E1B71E8}
		{97367109-7D82-4269-A6E9-AD70139030B4} = {02EA681E-C7D8-13C7-8484-4AC65E1B71E8}
		{B0CA2D33-2C32-482F-94D0-78D3B7FE6DA3} = {02EA681E-C7D8-13C7-8484-4AC65E1B71E8}
		{C85C23BE-60DF-460B-8600-5A8E3AFA21C1} = {EEE6CE30-94A9-45BB-AE8A-53804D434071}
		{CDA3B3B2-C6D2-4583-9F3C-2894B7F0A72C} = {EEE6CE30-94A9-45BB-AE8A-53804D434071}
	EndGlobalSection
	GlobalSection(ExtensibilityGlobals) = postSolution
		SolutionGuid = {F2BDE776-918D-445A-A2C7-9F985B788715}
	EndGlobalSection
EndGlobal
